# THIS IS AN AUTOGENERATED FILE. DO NOT EDIT THIS FILE DIRECTLY.
# yarn lockfile v1


"@protobufjs/aspromise@^1.1.1", "@protobufjs/aspromise@^1.1.2":
  version "1.1.2"
  resolved "https://registry.yarnpkg.com/@protobufjs/aspromise/-/aspromise-1.1.2.tgz#9b8b0cc663d669a7d8f6f5d0893a14d348f30fbf"
  integrity sha1-m4sMxmPWaafY9vXQiToU00jzD78=

"@protobufjs/base64@^1.1.2":
  version "1.1.2"
  resolved "https://registry.yarnpkg.com/@protobufjs/base64/-/base64-1.1.2.tgz#4c85730e59b9a1f1f349047dbf24296034bb2735"
  integrity sha512-AZkcAA5vnN/v4PDqKyMR5lx7hZttPDgClv83E//FMNhR2TMcLUhfRUBHCmSl0oi9zMgDDqRUJkSxO3wm85+XLg==

"@protobufjs/codegen@^2.0.4":
  version "2.0.4"
  resolved "https://registry.yarnpkg.com/@protobufjs/codegen/-/codegen-2.0.4.tgz#7ef37f0d010fb028ad1ad59722e506d9262815cb"
  integrity sha512-YyFaikqM5sH0ziFZCN3xDC7zeGaB/d0IUb9CATugHWbd1FRFwWwt4ld4OYMPWu5a3Xe01mGAULCdqhMlPl29Jg==

"@protobufjs/eventemitter@^1.1.0":
  version "1.1.0"
  resolved "https://registry.yarnpkg.com/@protobufjs/eventemitter/-/eventemitter-1.1.0.tgz#355cbc98bafad5978f9ed095f397621f1d066b70"
  integrity sha1-NVy8mLr61ZePntCV85diHx0Ga3A=

"@protobufjs/fetch@^1.1.0":
  version "1.1.0"
  resolved "https://registry.yarnpkg.com/@protobufjs/fetch/-/fetch-1.1.0.tgz#ba99fb598614af65700c1619ff06d454b0d84c45"
  integrity sha1-upn7WYYUr2VwDBYZ/wbUVLDYTEU=
  dependencies:
    "@protobufjs/aspromise" "^1.1.1"
    "@protobufjs/inquire" "^1.1.0"

"@protobufjs/float@^1.0.2":
  version "1.0.2"
  resolved "https://registry.yarnpkg.com/@protobufjs/float/-/float-1.0.2.tgz#5e9e1abdcb73fc0a7cb8b291df78c8cbd97b87d1"
  integrity sha1-Xp4avctz/Ap8uLKR33jIy9l7h9E=

"@protobufjs/inquire@^1.1.0":
  version "1.1.0"
  resolved "https://registry.yarnpkg.com/@protobufjs/inquire/-/inquire-1.1.0.tgz#ff200e3e7cf2429e2dcafc1140828e8cc638f089"
  integrity sha1-/yAOPnzyQp4tyvwRQIKOjMY48Ik=

"@protobufjs/path@^1.1.2":
  version "1.1.2"
  resolved "https://registry.yarnpkg.com/@protobufjs/path/-/path-1.1.2.tgz#6cc2b20c5c9ad6ad0dccfd21ca7673d8d7fbf68d"
  integrity sha1-bMKyDFya1q0NzP0hynZz2Nf79o0=

"@protobufjs/pool@^1.1.0":
  version "1.1.0"
  resolved "https://registry.yarnpkg.com/@protobufjs/pool/-/pool-1.1.0.tgz#09fd15f2d6d3abfa9b65bc366506d6ad7846ff54"
  integrity sha1-Cf0V8tbTq/qbZbw2ZQbWrXhG/1Q=

"@protobufjs/utf8@^1.1.0":
  version "1.1.0"
  resolved "https://registry.yarnpkg.com/@protobufjs/utf8/-/utf8-1.1.0.tgz#a777360b5b39a1a2e5106f8e858f2fd2d060c570"
  integrity sha1-p3c2C1s5oaLlEG+OhY8v0tBgxXA=

"@types/bytebuffer@^5.0.40":
  version "5.0.42"
  resolved "https://registry.yarnpkg.com/@types/bytebuffer/-/bytebuffer-5.0.42.tgz#1c602a77942d34c5c0879ad75c58d5d8c07dfb3b"
  integrity sha512-lEgKojWUAc/MG2t649oZS5AfYFP2xRNPoDuwDBlBMjHXd8MaGPgFgtCXUK7inZdBOygmVf10qxc1Us8GXC96aw==
  dependencies:
    "@types/long" "*"
    "@types/node" "*"

"@types/long@*", "@types/long@^4.0.1":
  version "4.0.1"
  resolved "https://registry.yarnpkg.com/@types/long/-/long-4.0.1.tgz#459c65fa1867dafe6a8f322c4c51695663cc55e9"
  integrity sha512-5tXH6Bx/kNGd3MgffdmP4dy2Z+G4eaXw0SE81Tq3BNadtnMR5/ySMzX4SLEzHJzSmPNn4HIdpQsBvXMUykr58w==

"@types/node@*":
  version "14.14.37"
  resolved "https://registry.yarnpkg.com/@types/node/-/node-14.14.37.tgz#a3dd8da4eb84a996c36e331df98d82abd76b516e"
  integrity sha512-XYmBiy+ohOR4Lh5jE379fV2IU+6Jn4g5qASinhitfyO71b/sCo6MKsMLF5tc7Zf2CE8hViVQyYSobJNke8OvUw==

"@types/node@^13.7.0":
  version "13.13.48"
  resolved "https://registry.yarnpkg.com/@types/node/-/node-13.13.48.tgz#46a3df718aed5217277f2395a682e055a487e341"
  integrity sha512-z8wvSsgWQzkr4sVuMEEOvwMdOQjiRY2Y/ZW4fDfjfe3+TfQrZqFKOthBgk2RnVEmtOKrkwdZ7uTvsxTBLjKGDQ==

array-filter@^1.0.0:
  version "1.0.0"
  resolved "https://registry.yarnpkg.com/array-filter/-/array-filter-1.0.0.tgz#baf79e62e6ef4c2a4c0b831232daffec251f9d83"
  integrity sha1-uveeYubvTCpMC4MSMtr/7CUfnYM=

assert@^2.0.0:
  version "2.0.0"
  resolved "https://registry.yarnpkg.com/assert/-/assert-2.0.0.tgz#95fc1c616d48713510680f2eaf2d10dd22e02d32"
  integrity sha512-se5Cd+js9dXJnu6Ag2JFc00t+HmHOen+8Q+L7O9zI0PqQXr20uk2J0XQqMxZEeo5U50o8Nvmmx7dZrl+Ufr35A==
  dependencies:
    es6-object-assign "^1.1.0"
    is-nan "^1.2.1"
    object-is "^1.0.1"
    util "^0.12.0"

available-typed-arrays@^1.0.2:
  version "1.0.2"
  resolved "https://registry.yarnpkg.com/available-typed-arrays/-/available-typed-arrays-1.0.2.tgz#6b098ca9d8039079ee3f77f7b783c4480ba513f5"
  integrity sha512-XWX3OX8Onv97LMk/ftVyBibpGwY5a8SmuxZPzeOxqmuEqUCOM9ZE+uIaD1VNJ5QnvU2UQusvmKbuM1FR8QWGfQ==
  dependencies:
    array-filter "^1.0.0"

base-x@^3.0.8:
  version "3.0.8"
  resolved "https://registry.yarnpkg.com/base-x/-/base-x-3.0.8.tgz#1e1106c2537f0162e8b52474a557ebb09000018d"
  integrity sha512-Rl/1AWP4J/zRrk54hhlxH4drNxPJXYUaKffODVI53/dAsV4t9fBxyxYKAVPU1XBHxYwOWP9h9H0hM2MVw4YfJA==
  dependencies:
    safe-buffer "^5.0.1"

base64-js@^1.3.1:
  version "1.5.1"
  resolved "https://registry.yarnpkg.com/base64-js/-/base64-js-1.5.1.tgz#1b1b440160a5bf7ad40b650f095963481903930a"
  integrity sha512-AKpaYlHn8t4SVbOHCy+b5+KKgvR4vrsD8vbvrbiQJps7fKDTkjkDry6ji0rUJjC0kzbNePLwzxq8iypo41qeWA==

big-number@^2.0.0:
  version "2.0.0"
  resolved "https://registry.yarnpkg.com/big-number/-/big-number-2.0.0.tgz#98548eda9393b445791670a213aed6f6dcd66ee3"
  integrity sha512-C67Su0g+XsmXADX/UM9L/+xSbqqwq0D/qGJs2ky6Noy2FDuCZnC38ZSXODiaBvqWma2VYRZEXgm4H74PS6tCDg==

browserify-bignum@^1.3.0-2:
  version "1.3.0-2"
  resolved "https://registry.yarnpkg.com/browserify-bignum/-/browserify-bignum-1.3.0-2.tgz#ddc3b6ed607fd6c960966950e2b35a2b0c6fb9bf"
  integrity sha1-3cO27WB/1slglmlQ4rNaKwxvub8=

buffer-from@^1.0.0:
  version "1.1.1"
  resolved "https://registry.yarnpkg.com/buffer-from/-/buffer-from-1.1.1.tgz#32713bc028f75c02fdb710d7c7bcec1f2c6070ef"
  integrity sha512-MQcXEUbCKtEo7bhqEs6560Hyd4XaovZlO/k9V3hjVUF/zwW7KBVdSK4gIt/bzwS9MbR5qob+F5jusZsb0YQK2A==

buffer@^5.1.0, buffer@^5.4.3:
  version "5.7.1"
  resolved "https://registry.yarnpkg.com/buffer/-/buffer-5.7.1.tgz#ba62e7c13133053582197160851a8f648e99eed0"
  integrity sha512-EHcyIPBQ4BSGlvjB16k5KgAJ27CIsHY/2JBmCRReo48y9rQ3MaUzWX3KVlBa4U7MyX02HdVj0K7C3WaB3ju7FQ==
  dependencies:
    base64-js "^1.3.1"
    ieee754 "^1.1.13"

bundle@^2.1.0:
  version "2.1.0"
  resolved "https://registry.yarnpkg.com/bundle/-/bundle-2.1.0.tgz#ab47ccc48eb688f706e6ecd323d01db6854aa25e"
  integrity sha512-d7TeT8m2HuymDjSEmMppWe/h5SSPPUZkaWKrAofx6gNXDdZ3FL/81oOTGPG+LIaZbNr9m4rtUi98Yw0Q1vHIIw==

bytebuffer@^5.0.1:
  version "5.0.1"
  resolved "https://registry.yarnpkg.com/bytebuffer/-/bytebuffer-5.0.1.tgz#582eea4b1a873b6d020a48d58df85f0bba6cfddd"
  integrity sha1-WC7qSxqHO20CCkjVjfhfC7ps/d0=
  dependencies:
    long "~3"

call-bind@^1.0.0, call-bind@^1.0.2:
  version "1.0.2"
  resolved "https://registry.yarnpkg.com/call-bind/-/call-bind-1.0.2.tgz#b1d4e89e688119c3c9a903ad30abb2f6a919be3c"
  integrity sha512-7O+FbCihrB5WGbFYesctwmTKae6rOiIzmz1icreWJ+0aA7LJfuqhEso2T9ncpcFtzMQtzXf2QGGueWJGTYsqrA==
  dependencies:
    function-bind "^1.1.1"
    get-intrinsic "^1.0.2"

camel-case@^4.1.1:
  version "4.1.2"
  resolved "https://registry.yarnpkg.com/camel-case/-/camel-case-4.1.2.tgz#9728072a954f805228225a6deea6b38461e1bd5a"
  integrity sha512-gxGWBrTT1JuMx6R+o5PTXMmUnhnVzLQ9SNutD4YqKtI6ap897t3tKECYla6gCWEkplXnlNybEkZg9GEGxKFCgw==
  dependencies:
    pascal-case "^3.1.2"
    tslib "^2.0.3"

cbor-js@^0.1.0:
  version "0.1.0"
  resolved "https://registry.yarnpkg.com/cbor-js/-/cbor-js-0.1.0.tgz#c80ce6120f387e8faa74370dfda21d965b8fc7f9"
  integrity sha1-yAzmEg84fo+qdDcN/aIdlluPx/k=

"cell@github:jkroso/cell":
  version "1.0.2"
  resolved "https://codeload.github.com/jkroso/cell/tar.gz/6db4991ebff09e344d7c1211c4abdcc62aff479e"

clean-css@^4.1.6, clean-css@^4.2.3:
  version "4.2.3"
  resolved "https://registry.yarnpkg.com/clean-css/-/clean-css-4.2.3.tgz#507b5de7d97b48ee53d84adb0160ff6216380f78"
  integrity sha512-VcMWDN54ZN/DS+g58HYL5/n4Zrqe8vHJpGA8KdgUXFU4fuP/aHNw8eld9SyEIyabIMJX/0RaY/fplOo5hYLSFA==
  dependencies:
    source-map "~0.6.0"

commander@^2.20.0:
  version "2.20.3"
  resolved "https://registry.yarnpkg.com/commander/-/commander-2.20.3.tgz#fd485e84c03eb4881c20722ba48035e8531aeb33"
  integrity sha512-GpVkmM8vF2vQUkj2LvZmD35JxeJOLCwJ9cUkugyk2nuhbv3+mJvpLYYt+0+USMxE+oj+ey/lJEnhZw75x/OMcQ==

commander@^4.1.1:
  version "4.1.1"
  resolved "https://registry.yarnpkg.com/commander/-/commander-4.1.1.tgz#9fd602bd936294e9e9ef46a3f4d6964044b18068"
  integrity sha512-NOKm8xhkzAjzFx8B2v5OAHT+u5pRQc2UCa2Vq9jYL/31o2wi9mxBA7LIFs3sV5VSC49z6pEhfbMULvShKj26WA==

compare-versions@^3.6.0:
  version "3.6.0"
  resolved "https://registry.yarnpkg.com/compare-versions/-/compare-versions-3.6.0.tgz#1a5689913685e5a87637b8d3ffca75514ec41d62"
  integrity sha512-W6Af2Iw1z4CB7q4uU4hv646dW9GQuBM+YpC0UvUCWSD8w90SJjp+ujJuXaEMtAXBtSqGfMPuFOVn4/+FlaqfBA==

core-js@^2.6.11:
  version "2.6.12"
  resolved "https://registry.yarnpkg.com/core-js/-/core-js-2.6.12.tgz#d9333dfa7b065e347cc5682219d6f690859cc2ec"
  integrity sha512-Kb2wC0fvsWfQrgk8HU5lW6U/Lcs8+9aaYcy4ZFc6DDlo4nZ7n70dEgE5rtR0oG6ufKDUnrwfWL1mXR5ljDatrQ==

crc@^3.8.0:
  version "3.8.0"
  resolved "https://registry.yarnpkg.com/crc/-/crc-3.8.0.tgz#ad60269c2c856f8c299e2c4cc0de4556914056c6"
  integrity sha512-iX3mfgcTMIq3ZKLIsVFAbv7+Mc10kxabAGQb8HvjA1o3T1PIYprbakQ65d3I+2HGHt6nSKkM9PYjgoJO2KcFBQ==
  dependencies:
    buffer "^5.1.0"

css-b64-images@~0.2.5:
  version "0.2.5"
  resolved "https://registry.yarnpkg.com/css-b64-images/-/css-b64-images-0.2.5.tgz#42005d83204b2b4a5d93b6b1a5644133b5927a02"
  integrity sha1-QgBdgyBLK0pdk7axpWRBM7WSegI=

debug@^4.1.0:
  version "4.3.1"
  resolved "https://registry.yarnpkg.com/debug/-/debug-4.3.1.tgz#f0d229c505e0c6d8c49ac553d1b13dc183f6b2ee"
  integrity sha512-doEwdvm4PCeK4K3RQN2ZC2BYUBaxwLARCqZmMjtF8a51J2Rb0xpVloFRnCODwqjpwnAoao4pelN8l3RJdv3gRQ==
  dependencies:
    ms "2.1.2"

define-properties@^1.1.3:
  version "1.1.3"
  resolved "https://registry.yarnpkg.com/define-properties/-/define-properties-1.1.3.tgz#cf88da6cbee26fe6db7094f61d870cbd84cee9f1"
  integrity sha512-3MqfYKj2lLzdMSf8ZIZE/V+Zuy+BgD6f164e8K2w7dgnpKArBDerGYpM46IYYcjnkdPNMjPk9A6VFB8+3SKlXQ==
  dependencies:
    object-keys "^1.0.12"

dot-case@^3.0.4:
  version "3.0.4"
  resolved "https://registry.yarnpkg.com/dot-case/-/dot-case-3.0.4.tgz#9b2b670d00a431667a8a75ba29cd1b98809ce751"
  integrity sha512-Kv5nKlh6yRrdrGvxeJ2e5y2eRUpkUosIW4A2AS38zwSz27zu7ufDwQPi5Jhs3XAlGNetl3bmnGhQsMtkKJnj3w==
  dependencies:
    no-case "^3.0.4"
    tslib "^2.0.3"

es-abstract@^1.18.0-next.1, es-abstract@^1.18.0-next.2:
  version "1.18.0"
  resolved "https://registry.yarnpkg.com/es-abstract/-/es-abstract-1.18.0.tgz#ab80b359eecb7ede4c298000390bc5ac3ec7b5a4"
  integrity sha512-LJzK7MrQa8TS0ja2w3YNLzUgJCGPdPOV1yVvezjNnS89D+VR08+Szt2mz3YB2Dck/+w5tfIq/RoUAFqJJGM2yw==
  dependencies:
    call-bind "^1.0.2"
    es-to-primitive "^1.2.1"
    function-bind "^1.1.1"
    get-intrinsic "^1.1.1"
    has "^1.0.3"
    has-symbols "^1.0.2"
    is-callable "^1.2.3"
    is-negative-zero "^2.0.1"
    is-regex "^1.1.2"
    is-string "^1.0.5"
    object-inspect "^1.9.0"
    object-keys "^1.1.1"
    object.assign "^4.1.2"
    string.prototype.trimend "^1.0.4"
    string.prototype.trimstart "^1.0.4"
    unbox-primitive "^1.0.0"

es-to-primitive@^1.2.1:
  version "1.2.1"
  resolved "https://registry.yarnpkg.com/es-to-primitive/-/es-to-primitive-1.2.1.tgz#e55cd4c9cdc188bcefb03b366c736323fc5c898a"
  integrity sha512-QCOllgZJtaUo9miYBcLChTUaHNjJF3PYs1VidD7AwiEj1kYxKeQTctLAezAOH5ZKRH0g2IgPn6KwB4IT8iRpvA==
  dependencies:
    is-callable "^1.1.4"
    is-date-object "^1.0.1"
    is-symbol "^1.0.2"

es6-object-assign@^1.1.0:
  version "1.1.0"
  resolved "https://registry.yarnpkg.com/es6-object-assign/-/es6-object-assign-1.1.0.tgz#c2c3582656247c39ea107cb1e6652b6f9f24523c"
  integrity sha1-wsNYJlYkfDnqEHyx5mUrb58kUjw=

events@^3.2.0:
  version "3.3.0"
  resolved "https://registry.yarnpkg.com/events/-/events-3.3.0.tgz#31a95ad0a924e2d2c419a813aeb2c4e878ea7400"
  integrity sha512-mQw+2fkQbALzQ7V0MY0IqdnXNOeTtP4r0lN9z7AAawCXgqea7bDii20AYrIBrFd/Hx0M2Ocz6S111CaFkUcb0Q==

flowtype@^2.0.0:
  version "2.0.0"
  resolved "https://registry.yarnpkg.com/flowtype/-/flowtype-2.0.0.tgz#8636bcb267659ff2ed575cd8bfb36372b90311a2"
  integrity sha1-hja8smdln/LtV1zYv7NjcrkDEaI=
  dependencies:
    merge yields/merge
    viewport "2"

foreach@^2.0.5:
  version "2.0.5"
  resolved "https://registry.yarnpkg.com/foreach/-/foreach-2.0.5.tgz#0bee005018aeb260d0a3af3ae658dd0136ec1b99"
  integrity sha1-C+4AUBiusmDQo6865ljdATbsG5k=

function-bind@^1.1.1:
  version "1.1.1"
  resolved "https://registry.yarnpkg.com/function-bind/-/function-bind-1.1.1.tgz#a56899d3ea3c9bab874bb9773b7c5ede92f4895d"
  integrity sha512-yIovAzMX49sF8Yl58fSCWJ5svSLuaibPxXQJFLmBObTuCr0Mf1KiPopGM9NiFjiYBCbfaa2Fh6breQ6ANVTI0A==

get-intrinsic@^1.0.2, get-intrinsic@^1.1.1:
  version "1.1.1"
  resolved "https://registry.yarnpkg.com/get-intrinsic/-/get-intrinsic-1.1.1.tgz#15f59f376f855c446963948f0d24cd3637b4abc6"
  integrity sha512-kWZrnVM42QCiEA2Ig1bG8zjoIMOgxWwYCEeNdwY6Tv/cOSeGpcoX4pXHfKUxNKVoArnrEr2e9srnAxxGIraS9Q==
  dependencies:
    function-bind "^1.1.1"
    has "^1.0.3"
    has-symbols "^1.0.1"

has-bigints@^1.0.1:
  version "1.0.1"
  resolved "https://registry.yarnpkg.com/has-bigints/-/has-bigints-1.0.1.tgz#64fe6acb020673e3b78db035a5af69aa9d07b113"
  integrity sha512-LSBS2LjbNBTf6287JEbEzvJgftkF5qFkmCo9hDRpAzKhUOlJ+hx8dd4USs00SgsUNwc4617J9ki5YtEClM2ffA==

has-symbols@^1.0.1, has-symbols@^1.0.2:
  version "1.0.2"
  resolved "https://registry.yarnpkg.com/has-symbols/-/has-symbols-1.0.2.tgz#165d3070c00309752a1236a479331e3ac56f1423"
  integrity sha512-chXa79rL/UC2KlX17jo3vRGz0azaWEx5tGqZg5pO3NUyEJVB17dMruQlzCCOfUvElghKcm5194+BCRvi2Rv/Gw==

has@^1.0.3:
  version "1.0.3"
  resolved "https://registry.yarnpkg.com/has/-/has-1.0.3.tgz#722d7cbfc1f6aa8241f16dd814e011e1f41e8796"
  integrity sha512-f2dvO0VU6Oej7RkWJGrehjbzMAjFp5/VKPp5tTpWIV4JHHZK1/BxbFRtf/siA2SWTe09caDmVtYYzWEIbBS4zw==
  dependencies:
    function-bind "^1.1.1"

he@^1.2.0:
  version "1.2.0"
  resolved "https://registry.yarnpkg.com/he/-/he-1.2.0.tgz#84ae65fa7eafb165fddb61566ae14baf05664f0f"
  integrity sha512-F/1DnUGPopORZi0ni+CvrCgHQ5FyEAHRLSApuYWMmrbSwoN2Mn/7k+Gl38gJnR7yyDZk6WLXwiGod1JOWNDKGw==

html-minifier-terser@^5.1.1:
  version "5.1.1"
  resolved "https://registry.yarnpkg.com/html-minifier-terser/-/html-minifier-terser-5.1.1.tgz#922e96f1f3bb60832c2634b79884096389b1f054"
  integrity sha512-ZPr5MNObqnV/T9akshPKbVgyOqLmy+Bxo7juKCfTfnjNniTAMdy4hz21YQqoofMBJD2kdREaqPPdThoR78Tgxg==
  dependencies:
    camel-case "^4.1.1"
    clean-css "^4.2.3"
    commander "^4.1.1"
    he "^1.2.0"
    param-case "^3.0.3"
    relateurl "^0.2.7"
    terser "^4.6.3"

ieee754@^1.1.13:
  version "1.2.1"
  resolved "https://registry.yarnpkg.com/ieee754/-/ieee754-1.2.1.tgz#8eb7a10a63fff25d15a57b001586d177d1b0d352"
  integrity sha512-dcyqhDvX1C46lXZcVqCpK+FtMRQVdIMN6/Df5js2zouUsqG7I6sFxitIC+7KYK29KdXOLHdu9zL4sFnoVQnqaA==

inherits@^2.0.3:
  version "2.0.4"
  resolved "https://registry.yarnpkg.com/inherits/-/inherits-2.0.4.tgz#0fa2c64f932917c3433a0ded55363aae37416b7c"
  integrity sha512-k/vGaX4/Yla3WzyMCvTQOXYeIHvqOKtnqBduzTHpzpQZzAskKMhZ2K+EnBiSM9zGSoIFeMpXKxa4dYeZIQqewQ==

is-arguments@^1.0.4:
  version "1.1.0"
  resolved "https://registry.yarnpkg.com/is-arguments/-/is-arguments-1.1.0.tgz#62353031dfbee07ceb34656a6bde59efecae8dd9"
  integrity sha512-1Ij4lOMPl/xB5kBDn7I+b2ttPMKa8szhEIrXDuXQD/oe3HJLTLhqhgGspwgyGd6MOywBUqVvYicF72lkgDnIHg==
  dependencies:
    call-bind "^1.0.0"

is-bigint@^1.0.1:
  version "1.0.1"
  resolved "https://registry.yarnpkg.com/is-bigint/-/is-bigint-1.0.1.tgz#6923051dfcbc764278540b9ce0e6b3213aa5ebc2"
  integrity sha512-J0ELF4yHFxHy0cmSxZuheDOz2luOdVvqjwmEcj8H/L1JHeuEDSDbeRP+Dk9kFVk5RTFzbucJ2Kb9F7ixY2QaCg==

is-boolean-object@^1.1.0:
  version "1.1.0"
  resolved "https://registry.yarnpkg.com/is-boolean-object/-/is-boolean-object-1.1.0.tgz#e2aaad3a3a8fca34c28f6eee135b156ed2587ff0"
  integrity sha512-a7Uprx8UtD+HWdyYwnD1+ExtTgqQtD2k/1yJgtXP6wnMm8byhkoTZRl+95LLThpzNZJ5aEvi46cdH+ayMFRwmA==
  dependencies:
    call-bind "^1.0.0"

is-callable@^1.1.4, is-callable@^1.2.3:
  version "1.2.3"
  resolved "https://registry.yarnpkg.com/is-callable/-/is-callable-1.2.3.tgz#8b1e0500b73a1d76c70487636f368e519de8db8e"
  integrity sha512-J1DcMe8UYTBSrKezuIUTUwjXsho29693unXM2YhJUTR2txK/eG47bvNa/wipPFmZFgr/N6f1GA66dv0mEyTIyQ==

is-date-object@^1.0.1:
  version "1.0.2"
  resolved "https://registry.yarnpkg.com/is-date-object/-/is-date-object-1.0.2.tgz#bda736f2cd8fd06d32844e7743bfa7494c3bfd7e"
  integrity sha512-USlDT524woQ08aoZFzh3/Z6ch9Y/EWXEHQ/AaRN0SkKq4t2Jw2R2339tSXmwuVoY7LLlBCbOIlx2myP/L5zk0g==

is-generator-function@^1.0.7:
  version "1.0.8"
  resolved "https://registry.yarnpkg.com/is-generator-function/-/is-generator-function-1.0.8.tgz#dfb5c2b120e02b0a8d9d2c6806cd5621aa922f7b"
  integrity sha512-2Omr/twNtufVZFr1GhxjOMFPAj2sjc/dKaIqBhvo4qciXfJmITGH6ZGd8eZYNHza8t1y0e01AuqRhJwfWp26WQ==

is-nan@^1.2.1:
  version "1.3.2"
  resolved "https://registry.yarnpkg.com/is-nan/-/is-nan-1.3.2.tgz#043a54adea31748b55b6cd4e09aadafa69bd9e1d"
  integrity sha512-E+zBKpQ2t6MEo1VsonYmluk9NxGrbzpeeLC2xIViuO2EjU2xsXsBPwTr3Ykv9l08UYEVEdWeRZNouaZqF6RN0w==
  dependencies:
    call-bind "^1.0.0"
    define-properties "^1.1.3"

is-negative-zero@^2.0.1:
  version "2.0.1"
  resolved "https://registry.yarnpkg.com/is-negative-zero/-/is-negative-zero-2.0.1.tgz#3de746c18dda2319241a53675908d8f766f11c24"
  integrity sha512-2z6JzQvZRa9A2Y7xC6dQQm4FSTSTNWjKIYYTt4246eMTJmIo0Q+ZyOsU66X8lxK1AbB92dFeglPLrhwpeRKO6w==

is-number-object@^1.0.4:
  version "1.0.4"
  resolved "https://registry.yarnpkg.com/is-number-object/-/is-number-object-1.0.4.tgz#36ac95e741cf18b283fc1ddf5e83da798e3ec197"
  integrity sha512-zohwelOAur+5uXtk8O3GPQ1eAcu4ZX3UwxQhUlfFFMNpUd83gXgjbhJh6HmB6LUNV/ieOLQuDwJO3dWJosUeMw==

is-regex@^1.1.2:
  version "1.1.2"
  resolved "https://registry.yarnpkg.com/is-regex/-/is-regex-1.1.2.tgz#81c8ebde4db142f2cf1c53fc86d6a45788266251"
  integrity sha512-axvdhb5pdhEVThqJzYXwMlVuZwC+FF2DpcOhTS+y/8jVq4trxyPgfcwIxIKiyeuLlSQYKkmUaPQJ8ZE4yNKXDg==
  dependencies:
    call-bind "^1.0.2"
    has-symbols "^1.0.1"

is-string@^1.0.5:
  version "1.0.5"
  resolved "https://registry.yarnpkg.com/is-string/-/is-string-1.0.5.tgz#40493ed198ef3ff477b8c7f92f644ec82a5cd3a6"
  integrity sha512-buY6VNRjhQMiF1qWDouloZlQbRhDPCebwxSjxMjxgemYT46YMd2NR0/H+fBhEfWX4A/w9TBJ+ol+okqJKFE6vQ==

is-symbol@^1.0.2, is-symbol@^1.0.3:
  version "1.0.3"
  resolved "https://registry.yarnpkg.com/is-symbol/-/is-symbol-1.0.3.tgz#38e1014b9e6329be0de9d24a414fd7441ec61937"
  integrity sha512-OwijhaRSgqvhm/0ZdAcXNZt9lYdKFpcRDT5ULUuYXPoT794UNOdU+gpT6Rzo7b4V2HUl/op6GqY894AZwv9faQ==
  dependencies:
    has-symbols "^1.0.1"

is-typed-array@^1.1.3:
  version "1.1.5"
  resolved "https://registry.yarnpkg.com/is-typed-array/-/is-typed-array-1.1.5.tgz#f32e6e096455e329eb7b423862456aa213f0eb4e"
  integrity sha512-S+GRDgJlR3PyEbsX/Fobd9cqpZBuvUS+8asRqYDMLCb2qMzt1oz5m5oxQCxOgUDxiWsOVNi4yaF+/uvdlHlYug==
  dependencies:
    available-typed-arrays "^1.0.2"
    call-bind "^1.0.2"
    es-abstract "^1.18.0-next.2"
    foreach "^2.0.5"
    has-symbols "^1.0.1"

js-sha512@^0.8.0:
  version "0.8.0"
  resolved "https://registry.yarnpkg.com/js-sha512/-/js-sha512-0.8.0.tgz#dd22db8d02756faccf19f218e3ed61ec8249f7d4"
  integrity sha512-PWsmefG6Jkodqt+ePTvBZCSMFgN7Clckjd0O7su3I0+BW2QWUTJNzjktHsztGLhncP2h8mcF9V9Y2Ha59pAViQ==

jssha@^2.4.2:
  version "2.4.2"
  resolved "https://registry.yarnpkg.com/jssha/-/jssha-2.4.2.tgz#d950b095634928bd6b2bda1d42da9a3a762d65e9"
  integrity sha512-/jsi/9C0S70zfkT/4UlKQa5E1xKurDnXcQizcww9JSR/Fv+uIbWM2btG+bFcL3iNoK9jIGS0ls9HWLr1iw0kFg==

lodash.isequal@^4.5.0:
  version "4.5.0"
  resolved "https://registry.yarnpkg.com/lodash.isequal/-/lodash.isequal-4.5.0.tgz#415c4478f2bcc30120c22ce10ed3226f7d3e18e0"
  integrity sha1-QVxEePK8wwEgwizhDtMib30+GOA=

log4javascript@^1.4.15:
  version "1.4.16"
  resolved "https://registry.yarnpkg.com/log4javascript/-/log4javascript-1.4.16.tgz#cc6cbcf11fca537a19783df246a1d581b3ab3054"
  integrity sha512-LaKmdz/+Ix/np+LNrh0hi3dapZUzQ80EGQ6AqnHja5YZVLQ/++rjJbABJ96IICHDsnlsn7hGx1hfMIuUt0vjog==

long@^4.0.0:
  version "4.0.0"
  resolved "https://registry.yarnpkg.com/long/-/long-4.0.0.tgz#9a7b71cfb7d361a194ea555241c92f7468d5bf28"
  integrity sha512-XsP+KhQif4bjX1kbuSiySJFNAehNxgLb6hPRGJ9QsUr8ajHkuXGdrHmFUTUUXhDwVX2R5bY4JNZEwbUiMhV+MA==

long@~3:
  version "3.2.0"
  resolved "https://registry.yarnpkg.com/long/-/long-3.2.0.tgz#d821b7138ca1cb581c172990ef14db200b5c474b"
  integrity sha1-2CG3E4yhy1gcFymQ7xTbIAtcR0s=

lower-case@^2.0.2:
  version "2.0.2"
  resolved "https://registry.yarnpkg.com/lower-case/-/lower-case-2.0.2.tgz#6fa237c63dbdc4a82ca0fd882e4722dc5e634e28"
  integrity sha512-7fm3l3NAF9WfN6W3JOmf5drwpVqX78JtoGJ3A6W0a6ZnldM41w2fV5D490psKFTpMds8TJse/eHLFFsNHHjHgg==
  dependencies:
    tslib "^2.0.3"

"merge@github:yields/merge":
  version "1.0.1"
  resolved "https://codeload.github.com/yields/merge/tar.gz/2f357cb501cd06f1a86394b7817e5df73c53f644"

minify@^6.0.1:
  version "6.0.1"
  resolved "https://registry.yarnpkg.com/minify/-/minify-6.0.1.tgz#d53413fc2e67b47642269087bc912da60ab6492e"
  integrity sha512-JMG5VruvghXZ1VnPCffnpESUzrhNPTT/uNogew9CmPdd3zmohSEt8/HhPxpR7CiXnBYWExW2gGoagZxTy9rnLg==
  dependencies:
    clean-css "^4.1.6"
    css-b64-images "~0.2.5"
    debug "^4.1.0"
    html-minifier-terser "^5.1.1"
    terser "^5.3.2"
    try-to-catch "^3.0.0"

ms@2.1.2:
  version "2.1.2"
  resolved "https://registry.yarnpkg.com/ms/-/ms-2.1.2.tgz#d09d1f357b443f493382a8eb3ccd183872ae6009"
  integrity sha512-sGkPx+VjMtmA6MX27oA4FBFELFCZZ4S4XqeGOXCv68tT+jb3vk/RyaKWP0PTKyWtmLSM0b+adUTEvbs1PEaH2w==

multicoin-address-validator@^0.4.8:
  version "0.4.16"
  resolved "https://registry.yarnpkg.com/multicoin-address-validator/-/multicoin-address-validator-0.4.16.tgz#be199114262280ff1c7d428d183b8624fdec66ef"
  integrity sha512-734i3dFtiFdTAg0zOU/2NXGNbDbYcv9gf5Oolqu4M8NAJVVh7mDKNvO/4lut+WLaYWBG7LffmbFdnLrhdqKKKQ==
  dependencies:
    base-x "^3.0.8"
    browserify-bignum "^1.3.0-2"
    bundle "^2.1.0"
    cbor-js "^0.1.0"
    crc "^3.8.0"
    js-sha512 "^0.8.0"
    jssha "^2.4.2"
    lodash.isequal "^4.5.0"
    minify "^6.0.1"

no-case@^3.0.4:
  version "3.0.4"
  resolved "https://registry.yarnpkg.com/no-case/-/no-case-3.0.4.tgz#d361fd5c9800f558551a8369fc0dcd4662b6124d"
  integrity sha512-fgAN3jGAh+RoxUGZHTSOLJIqUc2wmoBwGR4tbpNAKmmovFoWq0OdRkb0VkldReO2a2iBT/OEulG9XSUc10r3zg==
  dependencies:
    lower-case "^2.0.2"
    tslib "^2.0.3"

object-inspect@^1.9.0:
  version "1.9.0"
  resolved "https://registry.yarnpkg.com/object-inspect/-/object-inspect-1.9.0.tgz#c90521d74e1127b67266ded3394ad6116986533a"
  integrity sha512-i3Bp9iTqwhaLZBxGkRfo5ZbE07BQRT7MGu8+nNgwW9ItGp1TzCTw2DLEoWwjClxBjOFI/hWljTAmYGCEwmtnOw==

object-is@^1.0.1:
  version "1.1.5"
  resolved "https://registry.yarnpkg.com/object-is/-/object-is-1.1.5.tgz#b9deeaa5fc7f1846a0faecdceec138e5778f53ac"
  integrity sha512-3cyDsyHgtmi7I7DfSSI2LDp6SK2lwvtbg0p0R1e0RvTqF5ceGx+K2dfSjm1bKDMVCFEDAQvy+o8c6a7VujOddw==
  dependencies:
    call-bind "^1.0.2"
    define-properties "^1.1.3"

object-keys@^1.0.12, object-keys@^1.1.1:
  version "1.1.1"
  resolved "https://registry.yarnpkg.com/object-keys/-/object-keys-1.1.1.tgz#1c47f272df277f3b1daf061677d9c82e2322c60e"
  integrity sha512-NuAESUOUMrlIXOfHKzD6bpPu3tYt3xvjNdRIQ+FeT0lNb4K8WR70CaDxhuNguS2XG+GjkyMwOzsN5ZktImfhLA==

object.assign@^4.1.2:
  version "4.1.2"
  resolved "https://registry.yarnpkg.com/object.assign/-/object.assign-4.1.2.tgz#0ed54a342eceb37b38ff76eb831a0e788cb63940"
  integrity sha512-ixT2L5THXsApyiUPYKmW+2EHpXXe5Ii3M+f4e+aJFAHao5amFRW6J0OO6c/LU8Be47utCx2GL89hxGB6XSmKuQ==
  dependencies:
    call-bind "^1.0.0"
    define-properties "^1.1.3"
    has-symbols "^1.0.1"
    object-keys "^1.1.1"

param-case@^3.0.3:
  version "3.0.4"
  resolved "https://registry.yarnpkg.com/param-case/-/param-case-3.0.4.tgz#7d17fe4aa12bde34d4a77d91acfb6219caad01c5"
  integrity sha512-RXlj7zCYokReqWpOPH9oYivUzLYZ5vAPIfEmCTNViosC78F8F0H9y7T7gG2M39ymgutxF5gcFEsyZQSph9Bp3A==
  dependencies:
    dot-case "^3.0.4"
    tslib "^2.0.3"

pascal-case@^3.1.2:
  version "3.1.2"
  resolved "https://registry.yarnpkg.com/pascal-case/-/pascal-case-3.1.2.tgz#b48e0ef2b98e205e7c1dae747d0b1508237660eb"
  integrity sha512-uWlGT3YSnK9x3BQJaOdcZwrnV6hPpd8jFH1/ucpiLRPh/2zCVJKS19E4GvYHvaCcACn3foXZ0cLB9Wrx1KGe5g==
  dependencies:
    no-case "^3.0.4"
    tslib "^2.0.3"

protobufjs@^6.8.8:
  version "6.10.2"
  resolved "https://registry.yarnpkg.com/protobufjs/-/protobufjs-6.10.2.tgz#b9cb6bd8ec8f87514592ba3fdfd28e93f33a469b"
  integrity sha512-27yj+04uF6ya9l+qfpH187aqEzfCF4+Uit0I9ZBQVqK09hk/SQzKa2MUqUpXaVa7LOFRg1TSSr3lVxGOk6c0SQ==
  dependencies:
    "@protobufjs/aspromise" "^1.1.2"
    "@protobufjs/base64" "^1.1.2"
    "@protobufjs/codegen" "^2.0.4"
    "@protobufjs/eventemitter" "^1.1.0"
    "@protobufjs/fetch" "^1.1.0"
    "@protobufjs/float" "^1.0.2"
    "@protobufjs/inquire" "^1.1.0"
    "@protobufjs/path" "^1.1.2"
    "@protobufjs/pool" "^1.1.0"
    "@protobufjs/utf8" "^1.1.0"
    "@types/long" "^4.0.1"
    "@types/node" "^13.7.0"
    long "^4.0.0"

relateurl@^0.2.7:
  version "0.2.7"
  resolved "https://registry.yarnpkg.com/relateurl/-/relateurl-0.2.7.tgz#54dbf377e51440aca90a4cd274600d3ff2d888a9"
  integrity sha1-VNvzd+UUQKypCkzSdGANP/LYiKk=

rxjs@~6.2.0:
  version "6.2.2"
  resolved "https://registry.yarnpkg.com/rxjs/-/rxjs-6.2.2.tgz#eb75fa3c186ff5289907d06483a77884586e1cf9"
  integrity sha512-0MI8+mkKAXZUF9vMrEoPnaoHkfzBPP4IGwUYRJhIRJF6/w3uByO1e91bEHn8zd43RdkTMKiooYKmwz7RH6zfOQ==
  dependencies:
    tslib "^1.9.0"

safe-buffer@^5.0.1, safe-buffer@^5.1.2:
  version "5.2.1"
  resolved "https://registry.yarnpkg.com/safe-buffer/-/safe-buffer-5.2.1.tgz#1eaf9fa9bdb1fdd4ec75f58f9cdb4e6b7827eec6"
  integrity sha512-rp3So07KcdmmKbGvgaNxQSJr7bGVSVk5S9Eq1F+ppbRo70+YeaDxkw5Dd8NPN+GD6bjnYm2VuPuCXmpuYvmCXQ==

source-map-support@~0.5.12, source-map-support@~0.5.19:
  version "0.5.19"
  resolved "https://registry.yarnpkg.com/source-map-support/-/source-map-support-0.5.19.tgz#a98b62f86dcaf4f67399648c085291ab9e8fed61"
  integrity sha512-Wonm7zOCIJzBGQdB+thsPar0kYuCIzYvxZwlBa87yi/Mdjv7Tip2cyVbLj5o0cFPN4EVkuTwb3GDDyUx2DGnGw==
  dependencies:
    buffer-from "^1.0.0"
    source-map "^0.6.0"

source-map@^0.6.0, source-map@~0.6.0, source-map@~0.6.1:
  version "0.6.1"
  resolved "https://registry.yarnpkg.com/source-map/-/source-map-0.6.1.tgz#74722af32e9614e9c287a8d0bbde48b5e2f1a263"
  integrity sha512-UjgapumWlbMhkBgzT7Ykc5YXUT46F0iKu8SGXq0bcwP5dz/h0Plj6enJqjz1Zbq2l5WaqYnrVbwWOWMyF3F47g==

source-map@~0.7.2:
  version "0.7.3"
  resolved "https://registry.yarnpkg.com/source-map/-/source-map-0.7.3.tgz#5302f8169031735226544092e64981f751750383"
  integrity sha512-CkCj6giN3S+n9qrYiBTX5gystlENnRW5jZeNLHpe6aue+SrHcG5VYwujhW9s4dY31mEGsxBDrHR6oI69fTXsaQ==

string.prototype.trimend@^1.0.4:
  version "1.0.4"
  resolved "https://registry.yarnpkg.com/string.prototype.trimend/-/string.prototype.trimend-1.0.4.tgz#e75ae90c2942c63504686c18b287b4a0b1a45f80"
  integrity sha512-y9xCjw1P23Awk8EvTpcyL2NIr1j7wJ39f+k6lvRnSMz+mz9CGz9NYPelDk42kOz6+ql8xjfK8oYzy3jAP5QU5A==
  dependencies:
    call-bind "^1.0.2"
    define-properties "^1.1.3"

string.prototype.trimstart@^1.0.4:
  version "1.0.4"
  resolved "https://registry.yarnpkg.com/string.prototype.trimstart/-/string.prototype.trimstart-1.0.4.tgz#b36399af4ab2999b4c9c648bd7a3fb2bb26feeed"
  integrity sha512-jh6e984OBfvxS50tdY2nRZnoC5/mLFKOREQfw8t5yytkoUsJRNxvI/E39qu1sD0OtWI3OC0XgKSmcWwziwYuZw==
  dependencies:
    call-bind "^1.0.2"
    define-properties "^1.1.3"

terser@^4.6.3:
  version "4.8.0"
  resolved "https://registry.yarnpkg.com/terser/-/terser-4.8.0.tgz#63056343d7c70bb29f3af665865a46fe03a0df17"
  integrity sha512-EAPipTNeWsb/3wLPeup1tVPaXfIaU68xMnVdPafIL1TV05OhASArYyIfFvnvJCNrR2NIOvDVNNTFRa+Re2MWyw==
  dependencies:
    commander "^2.20.0"
    source-map "~0.6.1"
    source-map-support "~0.5.12"

terser@^5.3.2:
  version "5.6.1"
  resolved "https://registry.yarnpkg.com/terser/-/terser-5.6.1.tgz#a48eeac5300c0a09b36854bf90d9c26fb201973c"
  integrity sha512-yv9YLFQQ+3ZqgWCUk+pvNJwgUTdlIxUk1WTN+RnaFJe2L7ipG2csPT0ra2XRm7Cs8cxN7QXmK1rFzEwYEQkzXw==
  dependencies:
    commander "^2.20.0"
    source-map "~0.7.2"
    source-map-support "~0.5.19"

try-to-catch@^3.0.0:
  version "3.0.0"
  resolved "https://registry.yarnpkg.com/try-to-catch/-/try-to-catch-3.0.0.tgz#a1903b44d13d5124c54d14a461d22ec1f52ea14b"
  integrity sha512-eIm6ZXwR35jVF8By/HdbbkcaCDTBI5PpCPkejRKrYp0jyf/DbCCcRhHD7/O9jtFI3ewsqo9WctFEiJTS6i+CQA==

tslib@^1.9.0:
  version "1.14.1"
  resolved "https://registry.yarnpkg.com/tslib/-/tslib-1.14.1.tgz#cf2d38bdc34a134bcaf1091c41f6619e2f672d00"
  integrity sha512-Xni35NKzjgMrwevysHTCArtLDpPvye8zV/0E4EyYn43P7/7qvQwPh9BGkHewbMulVntbigmcT7rdX3BNo9wRJg==

tslib@^2.0.3:
  version "2.1.0"
  resolved "https://registry.yarnpkg.com/tslib/-/tslib-2.1.0.tgz#da60860f1c2ecaa5703ab7d39bc05b6bf988b97a"
  integrity sha512-hcVC3wYEziELGGmEEXue7D75zbwIIVUMWAVbHItGPx0ziyXxrOMQx4rQEVEV45Ut/1IotuEvwqPopzIOkDMf0A==

typescript-http-client@^0.10.1:
  version "0.10.1"
  resolved "https://registry.yarnpkg.com/typescript-http-client/-/typescript-http-client-0.10.1.tgz#a21283ba23f183e2d7f03143fc15845aef40ccea"
  integrity sha512-lbmJ2VBcDBbHPmLXuhMiJatoIg+n66dzyqHUOd4GPJhwvPysTqF+QCCy+TMWtIKb7IQrKfWaKRQQ276fLFM8fg==
  dependencies:
    log4javascript "^1.4.15"

typescript@^4.2.3:
  version "4.2.3"
  resolved "https://registry.yarnpkg.com/typescript/-/typescript-4.2.3.tgz#39062d8019912d43726298f09493d598048c1ce3"
  integrity sha512-qOcYwxaByStAWrBf4x0fibwZvMRG+r4cQoTjbPtUlrWjBHbmCAww1i448U0GJ+3cNNEtebDteo/cHOR3xJ4wEw==

unbox-primitive@^1.0.0:
  version "1.0.1"
  resolved "https://registry.yarnpkg.com/unbox-primitive/-/unbox-primitive-1.0.1.tgz#085e215625ec3162574dc8859abee78a59b14471"
  integrity sha512-tZU/3NqK3dA5gpE1KtyiJUrEB0lxnGkMFHptJ7q6ewdZ8s12QrODwNbhIJStmJkd1QDXa1NRA8aF2A1zk/Ypyw==
  dependencies:
    function-bind "^1.1.1"
    has-bigints "^1.0.1"
    has-symbols "^1.0.2"
    which-boxed-primitive "^1.0.2"

util@^0.12.0:
  version "0.12.3"
  resolved "https://registry.yarnpkg.com/util/-/util-0.12.3.tgz#971bb0292d2cc0c892dab7c6a5d37c2bec707888"
  integrity sha512-I8XkoQwE+fPQEhy9v012V+TSdH2kp9ts29i20TaaDUXsg7x/onePbhFJUExBfv/2ay1ZOp/Vsm3nDlmnFGSAog==
  dependencies:
    inherits "^2.0.3"
    is-arguments "^1.0.4"
    is-generator-function "^1.0.7"
    is-typed-array "^1.1.3"
    safe-buffer "^5.1.2"
    which-typed-array "^1.1.2"

viewport@2:
  version "2.0.1"
  resolved "https://registry.yarnpkg.com/viewport/-/viewport-2.0.1.tgz#8f5e39fcf5b58f839366314cd6914af9400912a4"
  integrity sha1-j145/PW1j4OTZjFM1pFK+UAJEqQ=
  dependencies:
    cell jkroso/cell

which-boxed-primitive@^1.0.2:
  version "1.0.2"
  resolved "https://registry.yarnpkg.com/which-boxed-primitive/-/which-boxed-primitive-1.0.2.tgz#13757bc89b209b049fe5d86430e21cf40a89a8e6"
  integrity sha512-bwZdv0AKLpplFY2KZRX6TvyuN7ojjr7lwkg6ml0roIy9YeuSr7JS372qlNW18UQYzgYK9ziGcerWqZOmEn9VNg==
  dependencies:
    is-bigint "^1.0.1"
    is-boolean-object "^1.1.0"
    is-number-object "^1.0.4"
    is-string "^1.0.5"
    is-symbol "^1.0.3"

which-typed-array@^1.1.2:
  version "1.1.4"
  resolved "https://registry.yarnpkg.com/which-typed-array/-/which-typed-array-1.1.4.tgz#8fcb7d3ee5adf2d771066fba7cf37e32fe8711ff"
  integrity sha512-49E0SpUe90cjpoc7BOJwyPHRqSAd12c10Qm2amdEZrJPCY2NDxaW01zHITrem+rnETY3dwrbH3UUrUwagfCYDA==
  dependencies:
    available-typed-arrays "^1.0.2"
    call-bind "^1.0.0"
    es-abstract "^1.18.0-next.1"
    foreach "^2.0.5"
    function-bind "^1.1.1"
    has-symbols "^1.0.1"
    is-typed-array "^1.1.3"
